
Microsoft Visual Studio Solution File, Format Version 12.00
# Visual Studio Version 16
VisualStudioVersion = 16.0.31624.102
MinimumVisualStudioVersion = 10.0.40219.1
Project("{FAE04EC0-301F-11D3-BF4B-00C04F79EFBC}") = "Permutetaions", "KobinaotorikaEx\Permutetaions.csproj", "{C0824161-1584-447D-8058-B0C7FC03590B}"
EndProject
Project("{FAE04EC0-301F-11D3-BF4B-00C04F79EFBC}") = "Varitations", "Varitations\Varitations.csproj", "{C2A3B24D-0225-424E-964F-22A2A82796F1}"
EndProject
Project("{FAE04EC0-301F-11D3-BF4B-00C04F79EFBC}") = "Kombinations", "Kombinations\Kombinations.csproj", "{B763BD72-7A79-4F5B-AE1C-BC1E37CB989D}"
EndProject
Global
	GlobalSection(SolutionConfigurationPlatforms) = preSolution
		Debug|Any CPU = Debug|Any CPU
		Release|Any CPU = Release|Any CPU
	EndGlobalSection
	GlobalSection(ProjectConfigurationPlatforms) = postSolution
		{C0824161-1584-447D-8058-B0C7FC03590B}.Debug|Any CPU.ActiveCfg = Debug|Any CPU
		{C0824161-1584-447D-8058-B0C7FC03590B}.Debug|Any CPU.Build.0 = Debug|Any CPU
		{C0824161-1584-447D-8058-B0C7FC03590B}.Release|Any CPU.ActiveCfg = Release|Any CPU
		{C0824161-1584-447D-8058-B0C7FC03590B}.Release|Any CPU.Build.0 = Release|Any CPU
		{C2A3B24D-0225-424E-964F-22A2A82796F1}.Debug|Any CPU.ActiveCfg = Debug|Any CPU
		{C2A3B24D-0225-424E-964F-22A2A82796F1}.Debug|Any CPU.Build.0 = Debug|Any CPU
		{C2A3B24D-0225-424E-964F-22A2A82796F1}.Release|Any CPU.ActiveCfg = Release|Any CPU
		{C2A3B24D-0225-424E-964F-22A2A82796F1}.Release|Any CPU.Build.0 = Release|Any CPU
		{B763BD72-7A79-4F5B-AE1C-BC1E37CB989D}.Debug|Any CPU.ActiveCfg = Debug|Any CPU
		{B763BD72-7A79-4F5B-AE1C-BC1E37CB989D}.Debug|Any CPU.Build.0 = Debug|Any CPU
		{B763BD72-7A79-4F5B-AE1C-BC1E37CB989D}.Release|Any CPU.ActiveCfg = Release|Any CPU
		{B763BD72-7A79-4F5B-AE1C-BC1E37CB989D}.Release|Any CPU.Build.0 = Release|Any CPU
	EndGlobalSection
	GlobalSection(SolutionProperties) = preSolution
		HideSolutionNode = FALSE
	EndGlobalSection
	GlobalSection(ExtensibilityGlobals) = postSolution
		SolutionGuid = {1606E5A6-2393-4553-8612-2094B9308F34}
	EndGlobalSection
EndGlobal
